
Microsoft Visual Studio Solution File, Format Version 12.00
# Visual Studio Version 17
VisualStudioVersion = 17.14.36327.8 d17.14
MinimumVisualStudioVersion = 10.0.40219.1
Project("{FAE04EC0-301F-11D3-BF4B-00C04F79EFBC}") = "Slat.API.Server", "Slat.API.Server\Slat.API.Server.csproj", "{97BA8A30-99BA-4088-B9D7-16FAF1EE4263}"
EndProject
Global
	GlobalSection(SolutionConfigurationPlatforms) = preSolution
		Debug|Any CPU = Debug|Any CPU
		Release|Any CPU = Release|Any CPU
	EndGlobalSection
	GlobalSection(ProjectConfigurationPlatforms) = postSolution
		{97BA8A30-99BA-4088-B9D7-16FAF1EE4263}.Debug|Any CPU.ActiveCfg = Debug|Any CPU
		{97BA8A30-99BA-4088-B9D7-16FAF1EE4263}.Debug|Any CPU.Build.0 = Debug|Any CPU
		{97BA8A30-99BA-4088-B9D7-16FAF1EE4263}.Release|Any CPU.ActiveCfg = Release|Any CPU
		{97BA8A30-99BA-4088-B9D7-16FAF1EE4263}.Release|Any CPU.Build.0 = Release|Any CPU
	EndGlobalSection
	GlobalSection(SolutionProperties) = preSolution
		HideSolutionNode = FALSE
	EndGlobalSection
	GlobalSection(ExtensibilityGlobals) = postSolution
		SolutionGuid = {89C8CD87-9764-4A6E-831B-9102B2E103BF}
	EndGlobalSection
EndGlobal
